# This file is automatically @generated by Cargo.
# It is not intended for manual editing.
version = 3

[[package]]
name = "anyhow"
version = "1.0.58"
source = "registry+https://github.com/rust-lang/crates.io-index"
checksum = "bb07d2053ccdbe10e2af2995a2f116c1330396493dc1269f6a91d0ae82e19704"

[[package]]
name = "arbitrary"
version = "1.1.3"
source = "registry+https://github.com/rust-lang/crates.io-index"
checksum = "5a7924531f38b1970ff630f03eb20a2fde69db5c590c93b0f3482e95dcc5fd60"
dependencies = [
 "derive_arbitrary",
]

[[package]]
name = "autocfg"
version = "1.1.0"
source = "registry+https://github.com/rust-lang/crates.io-index"
checksum = "d468802bab17cbc0cc575e9b053f41e72aa36bfa6b7f55e3529ffa43161b97fa"

[[package]]
name = "cc"
version = "1.0.73"
source = "registry+https://github.com/rust-lang/crates.io-index"
checksum = "2fff2a6927b3bb87f9595d67196a70493f627687a71d87a0d692242c33f58c11"
dependencies = [
 "jobserver",
]

[[package]]
name = "derive_arbitrary"
version = "1.1.3"
source = "registry+https://github.com/rust-lang/crates.io-index"
checksum = "c9a577516173adb681466d517d39bd468293bc2c2a16439375ef0f35bba45f3d"
dependencies = [
 "proc-macro2",
 "quote",
 "syn",
]

[[package]]
name = "equivalent"
version = "1.0.1"
source = "registry+https://github.com/rust-lang/crates.io-index"
checksum = "5443807d6dff69373d433ab9ef5378ad8df50ca6298caf15de6e52e24aaf54d5"

[[package]]
name = "flagset"
version = "0.4.3"
source = "registry+https://github.com/rust-lang/crates.io-index"
checksum = "cda653ca797810c02f7ca4b804b40b8b95ae046eb989d356bce17919a8c25499"

[[package]]
name = "hashbrown"
version = "0.12.2"
source = "registry+https://github.com/rust-lang/crates.io-index"
checksum = "607c8a29735385251a339424dd462993c0fed8fa09d378f259377df08c126022"

[[package]]
name = "hashbrown"
version = "0.14.0"
source = "registry+https://github.com/rust-lang/crates.io-index"
checksum = "2c6201b9ff9fd90a5a3bac2e56a830d0caa509576f0e503818ee82c181b3437a"

[[package]]
name = "indexmap"
version = "1.9.1"
source = "registry+https://github.com/rust-lang/crates.io-index"
checksum = "10a35a97730320ffe8e2d410b5d3b69279b98d2c14bdb8b70ea89ecf7888d41e"
dependencies = [
 "autocfg",
 "hashbrown 0.12.2",
]

[[package]]
name = "indexmap"
version = "2.0.0"
source = "registry+https://github.com/rust-lang/crates.io-index"
checksum = "d5477fe2230a79769d8dc68e0eabf5437907c0457a5614a9e8dddb67f65eb65d"
dependencies = [
 "equivalent",
 "hashbrown 0.14.0",
]

[[package]]
name = "jobserver"
version = "0.1.27"
source = "registry+https://github.com/rust-lang/crates.io-index"
checksum = "8c37f63953c4c63420ed5fd3d6d398c719489b9f872b9fa683262f8edd363c7d"
dependencies = [
 "libc",
]

[[package]]
name = "leb128"
version = "0.2.5"
source = "registry+https://github.com/rust-lang/crates.io-index"
checksum = "884e2677b40cc8c339eaefcb701c32ef1fd2493d71118dc0ca4b6a736c93bd67"

[[package]]
name = "libc"
version = "0.2.149"
source = "registry+https://github.com/rust-lang/crates.io-index"
checksum = "a08173bc88b7955d1b3145aa561539096c421ac8debde8cbc3612ec635fee29b"

[[package]]
name = "libfuzzer-sys"
version = "0.4.7"
source = "registry+https://github.com/rust-lang/crates.io-index"
checksum = "a96cfd5557eb82f2b83fed4955246c988d331975a002961b07c81584d107e7f7"
dependencies = [
 "arbitrary",
 "cc",
 "once_cell",
]

[[package]]
name = "once_cell"
version = "1.13.0"
source = "registry+https://github.com/rust-lang/crates.io-index"
checksum = "18a6dbe30758c9f83eb00cbea4ac95966305f5a7772f3f42ebfc7fc7eddbd8e1"

[[package]]
name = "proc-macro2"
version = "1.0.40"
source = "registry+https://github.com/rust-lang/crates.io-index"
checksum = "dd96a1e8ed2596c337f8eae5f24924ec83f5ad5ab21ea8e455d3566c69fbcaf7"
dependencies = [
 "unicode-ident",
]

[[package]]
name = "quote"
version = "1.0.20"
source = "registry+https://github.com/rust-lang/crates.io-index"
checksum = "3bcdf212e9776fbcb2d23ab029360416bb1706b1aea2d1a5ba002727cbcab804"
dependencies = [
 "proc-macro2",
]

[[package]]
name = "semver"
version = "1.0.18"
source = "registry+https://github.com/rust-lang/crates.io-index"
checksum = "b0293b4b29daaf487284529cc2f5675b8e57c61f70167ba415a463651fd6a918"

[[package]]
name = "syn"
version = "1.0.98"
source = "registry+https://github.com/rust-lang/crates.io-index"
checksum = "c50aef8a904de4c23c788f104b7dddc7d6f79c647c7c8ce4cc8f73eb0ca773dd"
dependencies = [
 "proc-macro2",
 "quote",
 "unicode-ident",
]

[[package]]
name = "unicode-ident"
version = "1.0.1"
source = "registry+https://github.com/rust-lang/crates.io-index"
checksum = "5bd2fe26506023ed7b5e1e315add59d6f584c621d037f9368fea9cfb988f368c"

[[package]]
name = "wasm-encoder"
version = "0.34.1"
source = "registry+https://github.com/rust-lang/crates.io-index"
checksum = "f14a94e06a3e2ed1af4e80cac712fed883142019ebe33c3899fd1b5e8550df9d"
dependencies = [
 "leb128",
]

[[package]]
name = "wasm-smith"
version = "0.12.20"
source = "registry+https://github.com/rust-lang/crates.io-index"
checksum = "7c368a04ec656f45cf36c860dca97654d94679b260f1f1f3ef6a5bb1e43ad4fd"
dependencies = [
 "arbitrary",
 "flagset",
 "indexmap 2.0.0",
 "leb128",
 "wasm-encoder",
 "wasmparser 0.114.0",
]

[[package]]
name = "wasmparser"
version = "0.89.1"
source = "registry+https://github.com/rust-lang/crates.io-index"
checksum = "ab5d3e08b13876f96dd55608d03cd4883a0545884932d5adf11925876c96daef"
dependencies = [
 "indexmap 1.9.1",
]

[[package]]
name = "wasmparser"
version = "0.114.0"
source = "registry+https://github.com/rust-lang/crates.io-index"
checksum = "8ef211410dcb08b037eb6d197b2398f8ef9d635c5dc5598d0dfda32094315ea3"
dependencies = [
 "indexmap 2.0.0",
 "semver",
]

[[package]]
name = "wasmprinter"
version = "0.2.39"
source = "registry+https://github.com/rust-lang/crates.io-index"
checksum = "aa9e5ee2f56cc8a5da489558114e8c118e5a8416d96aefe63dcf1b5b05b858c6"
dependencies = [
 "anyhow",
 "wasmparser 0.89.1",
]

[[package]]
name = "wazero-fuzz-fuzz"
version = "0.0.0"
dependencies = [
 "libfuzzer-sys",
 "wasm-smith",
 "wasmprinter",
]
